
Microsoft Visual Studio Solution File, Format Version 12.00
# Visual Studio Version 17
VisualStudioVersion = 17.3.32929.385
MinimumVisualStudioVersion = 10.0.40219.1
Project("{9A19103F-16F7-4668-BE54-9A1E7A4F7556}") = "01_async_await", "01_async_await\01_async_await.csproj", "{0E8399F9-4380-47F7-9D1C-D3E295C7E35F}"
EndProject
Project("{FAE04EC0-301F-11D3-BF4B-00C04F79EFBC}") = "02_file_copy", "02_file_copy\02_file_copy.csproj", "{ED596770-4A8D-4246-964E-9E63FC125FD2}"
EndProject
Global
	GlobalSection(SolutionConfigurationPlatforms) = preSolution
		Debug|Any CPU = Debug|Any CPU
		Release|Any CPU = Release|Any CPU
	EndGlobalSection
	GlobalSection(ProjectConfigurationPlatforms) = postSolution
		{0E8399F9-4380-47F7-9D1C-D3E295C7E35F}.Debug|Any CPU.ActiveCfg = Debug|Any CPU
		{0E8399F9-4380-47F7-9D1C-D3E295C7E35F}.Debug|Any CPU.Build.0 = Debug|Any CPU
		{0E8399F9-4380-47F7-9D1C-D3E295C7E35F}.Release|Any CPU.ActiveCfg = Release|Any CPU
		{0E8399F9-4380-47F7-9D1C-D3E295C7E35F}.Release|Any CPU.Build.0 = Release|Any CPU
		{ED596770-4A8D-4246-964E-9E63FC125FD2}.Debug|Any CPU.ActiveCfg = Debug|Any CPU
		{ED596770-4A8D-4246-964E-9E63FC125FD2}.Debug|Any CPU.Build.0 = Debug|Any CPU
		{ED596770-4A8D-4246-964E-9E63FC125FD2}.Release|Any CPU.ActiveCfg = Release|Any CPU
		{ED596770-4A8D-4246-964E-9E63FC125FD2}.Release|Any CPU.Build.0 = Release|Any CPU
	EndGlobalSection
	GlobalSection(SolutionProperties) = preSolution
		HideSolutionNode = FALSE
	EndGlobalSection
	GlobalSection(ExtensibilityGlobals) = postSolution
		SolutionGuid = {F1A11E4F-D8BE-432F-AED5-6BA70EE87D01}
	EndGlobalSection
EndGlobal
